
Microsoft Visual Studio Solution File, Format Version 12.00
# Visual Studio Version 16
VisualStudioVersion = 16.0.29709.97
MinimumVisualStudioVersion = 10.0.40219.1
Project("{9A19103F-16F7-4668-BE54-9A1E7A4F7556}") = "WebUI-274", "WebUI-274\WebUI-274.csproj", "{2C9D8462-CE3F-496C-9A84-6D5F4E3FA71A}"
EndProject
Project("{2150E333-8FDC-42A3-9474-1A3956D46DE8}") = "Solution Items", "Solution Items", "{37CF099E-64BF-4A7C-A316-B27BB5C1B93B}"
	ProjectSection(SolutionItems) = preProject
		.gitattributes = .gitattributes
		.gitignore = .gitignore
	EndProjectSection
EndProject
Global
	GlobalSection(SolutionConfigurationPlatforms) = preSolution
		Debug|Any CPU = Debug|Any CPU
		Release|Any CPU = Release|Any CPU
	EndGlobalSection
	GlobalSection(ProjectConfigurationPlatforms) = postSolution
		{2C9D8462-CE3F-496C-9A84-6D5F4E3FA71A}.Debug|Any CPU.ActiveCfg = Debug|Any CPU
		{2C9D8462-CE3F-496C-9A84-6D5F4E3FA71A}.Debug|Any CPU.Build.0 = Debug|Any CPU
		{2C9D8462-CE3F-496C-9A84-6D5F4E3FA71A}.Release|Any CPU.ActiveCfg = Release|Any CPU
		{2C9D8462-CE3F-496C-9A84-6D5F4E3FA71A}.Release|Any CPU.Build.0 = Release|Any CPU
	EndGlobalSection
	GlobalSection(SolutionProperties) = preSolution
		HideSolutionNode = FALSE
	EndGlobalSection
	GlobalSection(ExtensibilityGlobals) = postSolution
		SolutionGuid = {3796228D-AE94-436B-B9DA-DFD5E04F7729}
	EndGlobalSection
EndGlobal
